
Microsoft Visual Studio Solution File, Format Version 12.00
# Visual Studio Version 17
VisualStudioVersion = 17.11.35222.181
MinimumVisualStudioVersion = 10.0.40219.1
Project("{FAE04EC0-301F-11D3-BF4B-00C04F79EFBC}") = "ExcelExportMerger", "ExcelExportMerger\ExcelExportMerger.csproj", "{00CE183B-094C-4C7E-B8BE-190BC7A88348}"
EndProject
Global
	GlobalSection(SolutionConfigurationPlatforms) = preSolution
		Debug|Any CPU = Debug|Any CPU
		Release|Any CPU = Release|Any CPU
	EndGlobalSection
	GlobalSection(ProjectConfigurationPlatforms) = postSolution
		{00CE183B-094C-4C7E-B8BE-190BC7A88348}.Debug|Any CPU.ActiveCfg = Debug|Any CPU
		{00CE183B-094C-4C7E-B8BE-190BC7A88348}.Debug|Any CPU.Build.0 = Debug|Any CPU
		{00CE183B-094C-4C7E-B8BE-190BC7A88348}.Release|Any CPU.ActiveCfg = Release|Any CPU
		{00CE183B-094C-4C7E-B8BE-190BC7A88348}.Release|Any CPU.Build.0 = Release|Any CPU
	EndGlobalSection
	GlobalSection(SolutionProperties) = preSolution
		HideSolutionNode = FALSE
	EndGlobalSection
	GlobalSection(ExtensibilityGlobals) = postSolution
		SolutionGuid = {8FA3BC21-0C91-4A3F-8E70-7C9CBF6D339C}
	EndGlobalSection
EndGlobal
